PODS:
  - M80AttributedLabel (1.9.9)

DEPENDENCIES:
  - M80AttributedLabel

SPEC REPOS:
  https://github.com/CocoaPods/Specs.git:
    - M80AttributedLabel

SPEC CHECKSUMS:
  M80AttributedLabel: 77fedfe63804c989a6de0fa4d400ea8cad3ab441

PODFILE CHECKSUM: 58f3cc40b20c968641cbf6e2d1a86e89b8bbefb6

COCOAPODS: 1.9.0
