PODS:
  - TMAttributedLabel (0.0.4)
  - XXAttributedLabel (0.2.2):
    - TMAttributedLabel (~> 0.0.4)

DEPENDENCIES:
  - XXAttributedLabel (from `../`)

SPEC REPOS:
  trunk:
    - TMAttributedLabel

EXTERNAL SOURCES:
  XXAttributedLabel:
    :path: "../"

SPEC CHECKSUMS:
  TMAttributedLabel: ce191c83c8306a940aa66dc91bd901b51b4a253d
  XXAttributedLabel: 77f27deff8056517a8072292a484d941010f3292

PODFILE CHECKSUM: 4fa0447761779bfc8c92d1aeecb2c32b973676a5

COCOAPODS: 1.9.3
